
Microsoft Visual Studio Solution File, Format Version 12.00
# Visual Studio 15
VisualStudioVersion = 15.0.26124.0
MinimumVisualStudioVersion = 15.0.26124.0
Project("{FAE04EC0-301F-11D3-BF4B-00C04F79EFBC}") = "api", "api\api.csproj", "{1125AACD-3008-4A20-BE43-496C8433C90E}"
EndProject
Project("{FAE04EC0-301F-11D3-BF4B-00C04F79EFBC}") = "website", "website\website.csproj", "{A1BB8FA6-1F46-4A55-8F77-5C71BF58E67D}"
EndProject
Global
	GlobalSection(SolutionConfigurationPlatforms) = preSolution
		Debug|Any CPU = Debug|Any CPU
		Debug|x64 = Debug|x64
		Debug|x86 = Debug|x86
		Release|Any CPU = Release|Any CPU
		Release|x64 = Release|x64
		Release|x86 = Release|x86
	EndGlobalSection
	GlobalSection(ProjectConfigurationPlatforms) = postSolution
		{1125AACD-3008-4A20-BE43-496C8433C90E}.Debug|Any CPU.ActiveCfg = Debug|Any CPU
		{1125AACD-3008-4A20-BE43-496C8433C90E}.Debug|Any CPU.Build.0 = Debug|Any CPU
		{1125AACD-3008-4A20-BE43-496C8433C90E}.Debug|x64.ActiveCfg = Debug|Any CPU
		{1125AACD-3008-4A20-BE43-496C8433C90E}.Debug|x64.Build.0 = Debug|Any CPU
		{1125AACD-3008-4A20-BE43-496C8433C90E}.Debug|x86.ActiveCfg = Debug|Any CPU
		{1125AACD-3008-4A20-BE43-496C8433C90E}.Debug|x86.Build.0 = Debug|Any CPU
		{1125AACD-3008-4A20-BE43-496C8433C90E}.Release|Any CPU.ActiveCfg = Release|Any CPU
		{1125AACD-3008-4A20-BE43-496C8433C90E}.Release|Any CPU.Build.0 = Release|Any CPU
		{1125AACD-3008-4A20-BE43-496C8433C90E}.Release|x64.ActiveCfg = Release|Any CPU
		{1125AACD-3008-4A20-BE43-496C8433C90E}.Release|x64.Build.0 = Release|Any CPU
		{1125AACD-3008-4A20-BE43-496C8433C90E}.Release|x86.ActiveCfg = Release|Any CPU
		{1125AACD-3008-4A20-BE43-496C8433C90E}.Release|x86.Build.0 = Release|Any CPU
		{A1BB8FA6-1F46-4A55-8F77-5C71BF58E67D}.Debug|Any CPU.ActiveCfg = Debug|Any CPU
		{A1BB8FA6-1F46-4A55-8F77-5C71BF58E67D}.Debug|Any CPU.Build.0 = Debug|Any CPU
		{A1BB8FA6-1F46-4A55-8F77-5C71BF58E67D}.Debug|x64.ActiveCfg = Debug|Any CPU
		{A1BB8FA6-1F46-4A55-8F77-5C71BF58E67D}.Debug|x64.Build.0 = Debug|Any CPU
		{A1BB8FA6-1F46-4A55-8F77-5C71BF58E67D}.Debug|x86.ActiveCfg = Debug|Any CPU
		{A1BB8FA6-1F46-4A55-8F77-5C71BF58E67D}.Debug|x86.Build.0 = Debug|Any CPU
		{A1BB8FA6-1F46-4A55-8F77-5C71BF58E67D}.Release|Any CPU.ActiveCfg = Release|Any CPU
		{A1BB8FA6-1F46-4A55-8F77-5C71BF58E67D}.Release|Any CPU.Build.0 = Release|Any CPU
		{A1BB8FA6-1F46-4A55-8F77-5C71BF58E67D}.Release|x64.ActiveCfg = Release|Any CPU
		{A1BB8FA6-1F46-4A55-8F77-5C71BF58E67D}.Release|x64.Build.0 = Release|Any CPU
		{A1BB8FA6-1F46-4A55-8F77-5C71BF58E67D}.Release|x86.ActiveCfg = Release|Any CPU
		{A1BB8FA6-1F46-4A55-8F77-5C71BF58E67D}.Release|x86.Build.0 = Release|Any CPU
	EndGlobalSection
	GlobalSection(SolutionProperties) = preSolution
		HideSolutionNode = FALSE
	EndGlobalSection
	GlobalSection(ExtensibilityGlobals) = postSolution
		SolutionGuid = {78EADD73-42F8-4779-90C7-E22D6E61403B}
	EndGlobalSection
EndGlobal
